
Microsoft Visual Studio Solution File, Format Version 12.00
# Visual Studio Version 17
VisualStudioVersion = 17.2.32630.192
MinimumVisualStudioVersion = 10.0.40219.1
Project("{8BC9CEB8-8B4A-11D0-8D11-00A0C91BC942}") = "mini-max_sum", "mini-max_sum\mini-max_sum.vcxproj", "{18A29CB8-C387-4FF9-BC4E-789EB087DC87}"
EndProject
Global
	GlobalSection(SolutionConfigurationPlatforms) = preSolution
		Debug|x64 = Debug|x64
		Debug|x86 = Debug|x86
		Release|x64 = Release|x64
		Release|x86 = Release|x86
	EndGlobalSection
	GlobalSection(ProjectConfigurationPlatforms) = postSolution
		{18A29CB8-C387-4FF9-BC4E-789EB087DC87}.Debug|x64.ActiveCfg = Debug|x64
		{18A29CB8-C387-4FF9-BC4E-789EB087DC87}.Debug|x64.Build.0 = Debug|x64
		{18A29CB8-C387-4FF9-BC4E-789EB087DC87}.Debug|x86.ActiveCfg = Debug|Win32
		{18A29CB8-C387-4FF9-BC4E-789EB087DC87}.Debug|x86.Build.0 = Debug|Win32
		{18A29CB8-C387-4FF9-BC4E-789EB087DC87}.Release|x64.ActiveCfg = Release|x64
		{18A29CB8-C387-4FF9-BC4E-789EB087DC87}.Release|x64.Build.0 = Release|x64
		{18A29CB8-C387-4FF9-BC4E-789EB087DC87}.Release|x86.ActiveCfg = Release|Win32
		{18A29CB8-C387-4FF9-BC4E-789EB087DC87}.Release|x86.Build.0 = Release|Win32
	EndGlobalSection
	GlobalSection(SolutionProperties) = preSolution
		HideSolutionNode = FALSE
	EndGlobalSection
	GlobalSection(ExtensibilityGlobals) = postSolution
		SolutionGuid = {CDE500E2-3DF7-4262-9C14-251D240D3688}
	EndGlobalSection
EndGlobal
